# This file is automatically @generated by Cargo.
# It is not intended for manual editing.
version = 4

[[package]]
name = "sole"
version = "0.1.0"
dependencies = [
 "sole-diag",
 "sole-lexer",
 "sole-parser",
]

[[package]]
name = "sole-diag"
version = "0.1.0"

[[package]]
name = "sole-lexer"
version = "0.1.0"
dependencies = [
 "sole-diag",
]

[[package]]
name = "sole-parser"
version = "0.1.0"
dependencies = [
 "sole-diag",
 "sole-lexer",
]
